# THIS IS AN AUTOGENERATED FILE. DO NOT EDIT THIS FILE DIRECTLY.
# yarn lockfile v1


benchmark@^2.1.3:
  version "2.1.3"
  resolved "https://registry.yarnpkg.com/benchmark/-/benchmark-2.1.3.tgz#e10e40e4d53d0e1c9d77a834fde593994dca7f0c"
  dependencies:
    lodash "^4.17.3"
    platform "^1.3.3"

chart.js@^2.4.0:
  version "2.4.0"
  resolved "https://registry.yarnpkg.com/chart.js/-/chart.js-2.4.0.tgz#44198073f0f43e5e16662e108420d92652a3c9a3"
  dependencies:
    chartjs-color "^2.0.0"
    moment "^2.10.6"

chartjs-color-string@^0.4.0:
  version "0.4.0"
  resolved "https://registry.yarnpkg.com/chartjs-color-string/-/chartjs-color-string-0.4.0.tgz#57748d4530ae28d8db0a5492182ba06dfdf2f468"
  dependencies:
    color-name "^1.0.0"

chartjs-color@^2.0.0:
  version "2.0.0"
  resolved "https://registry.yarnpkg.com/chartjs-color/-/chartjs-color-2.0.0.tgz#7f60c7256589b24914814ece757659117381e35b"
  dependencies:
    chartjs-color-string "^0.4.0"
    color-convert "^0.5.3"

color-convert@^0.5.3:
  version "0.5.3"
  resolved "https://registry.yarnpkg.com/color-convert/-/color-convert-0.5.3.tgz#bdb6c69ce660fadffe0b0007cc447e1b9f7282bd"

color-name@^1.0.0:
  version "1.1.1"
  resolved "https://registry.yarnpkg.com/color-name/-/color-name-1.1.1.tgz#4b1415304cf50028ea81643643bd82ea05803689"

lodash@^4.17.3, lodash@^4.17.4:
  version "4.17.4"
  resolved "https://registry.yarnpkg.com/lodash/-/lodash-4.17.4.tgz#78203a4d1c328ae1d86dca6460e369b57f4055ae"

milligram@^1.2.4:
  version "1.2.4"
  resolved "https://registry.yarnpkg.com/milligram/-/milligram-1.2.4.tgz#bf806151dc4237c4f7e363fe8a11c5452e79e6ac"
  dependencies:
    normalize.css "~5.0.0"

moment@^2.10.6:
  version "2.17.1"
  resolved "https://registry.yarnpkg.com/moment/-/moment-2.17.1.tgz#fed9506063f36b10f066c8b59a144d7faebe1d82"

normalize.css@~5.0.0:
  version "5.0.0"
  resolved "https://registry.yarnpkg.com/normalize.css/-/normalize.css-5.0.0.tgz#7cec875ce8178a5333c4de80b68ea9c18b9d7c37"

platform@^1.3.3:
  version "1.3.3"
  resolved "https://registry.yarnpkg.com/platform/-/platform-1.3.3.tgz#646c77011899870b6a0903e75e997e8e51da7461"
